
Microsoft Visual Studio Solution File, Format Version 11.00
# Visual Studio 2010
Project("{FAE04EC0-301F-11D3-BF4B-00C04F79EFBC}") = "Assembly-CSharp", "Assembly-CSharp.csproj", "{A610F49A-F8EE-3982-B13A-5CD26A300FAC}"
EndProject
Project("{FAE04EC0-301F-11D3-BF4B-00C04F79EFBC}") = "Assembly-CSharp-Editor", "Assembly-CSharp-Editor.csproj", "{ED66FA7C-E573-6605-CCC1-AC30231D278B}"
EndProject
Global
	GlobalSection(SolutionConfigurationPlatforms) = preSolution
		Debug|Any CPU = Debug|Any CPU
		Release|Any CPU = Release|Any CPU
	EndGlobalSection
	GlobalSection(ProjectConfigurationPlatforms) = postSolution
		{A610F49A-F8EE-3982-B13A-5CD26A300FAC}.Debug|Any CPU.ActiveCfg = Debug|Any CPU
		{A610F49A-F8EE-3982-B13A-5CD26A300FAC}.Debug|Any CPU.Build.0 = Debug|Any CPU
		{A610F49A-F8EE-3982-B13A-5CD26A300FAC}.Release|Any CPU.ActiveCfg = Release|Any CPU
		{A610F49A-F8EE-3982-B13A-5CD26A300FAC}.Release|Any CPU.Build.0 = Release|Any CPU
		{ED66FA7C-E573-6605-CCC1-AC30231D278B}.Debug|Any CPU.ActiveCfg = Debug|Any CPU
		{ED66FA7C-E573-6605-CCC1-AC30231D278B}.Debug|Any CPU.Build.0 = Debug|Any CPU
		{ED66FA7C-E573-6605-CCC1-AC30231D278B}.Release|Any CPU.ActiveCfg = Release|Any CPU
		{ED66FA7C-E573-6605-CCC1-AC30231D278B}.Release|Any CPU.Build.0 = Release|Any CPU
	EndGlobalSection
	GlobalSection(SolutionProperties) = preSolution
		HideSolutionNode = FALSE
	EndGlobalSection
EndGlobal
